{
  "name": "@test-runner/tap-view",
  "version": "0.1.0",
  "lockfileVersion": 1,
  "requires": true,
  "dependencies": {
    "argparse": {
      "version": "1.0.10",
      "resolved": "https://registry.npmjs.org/argparse/-/argparse-1.0.10.tgz",
      "integrity": "sha512-o5Roy6tNG4SL/FOkCAN6RzjiakZS25RLYFrcMttJqbdd8BWrnA+fGz57iN5Pb06pvBGvl5gQ0B48dJlslXvoTg==",
      "requires": {
        "sprintf-js": "~1.0.2"
      }
    },
    "array-back": {
      "version": "4.0.0",
      "resolved": "https://registry.npmjs.org/array-back/-/array-back-4.0.0.tgz",
      "integrity": "sha512-ylVYjv5BzoWXWO7e6fWrzjqzgxmUPWdQrHxgzo/v1EaYXfw6+6ipRdIr7KryAGnVHG08O1Yfpchuv0+YhjPL+Q==",
      "dev": true
    },
    "composite-class": {
      "version": "1.0.0",
      "resolved": "https://registry.npmjs.org/composite-class/-/composite-class-1.0.0.tgz",
      "integrity": "sha512-WhFlThXtN1DkSWXaQBvZdnjblRWSnKYpI0rHObzQItuv1MleJ1FidaumUmTQoCtA8gaAArrU7YcJM7ncKgKdKg==",
      "dev": true
    },
    "create-mixin": {
      "version": "2.0.1",
      "resolved": "https://registry.npmjs.org/create-mixin/-/create-mixin-2.0.1.tgz",
      "integrity": "sha512-r11aTk2z5x2C9ZI85oxuZ0EzgjBH0BdGacnXeuA+9d59xV2Hsy+ZpRmU+LUjJT9KdnLgzaxZoCbqrJ5qjl0bAA==",
      "dev": true
    },
    "esprima": {
      "version": "4.0.1",
      "resolved": "https://registry.npmjs.org/esprima/-/esprima-4.0.1.tgz",
      "integrity": "sha512-eGuFFw7Upda+g4p+QHvnW0RyTX/SVeJBDM/gCtMARO0cLuT2HcEKnTPvhjV6aGeqrCB/sbNop0Kszm0jsaWU4A=="
    },
    "fsm-base": {
      "version": "0.5.0",
      "resolved": "https://registry.npmjs.org/fsm-base/-/fsm-base-0.5.0.tgz",
      "integrity": "sha512-wJIhIcGwQTSPI6aG13Lhm0G0CoggEBu8NVBWi7zLHrqqBuAXN2i6OMtOv5D/j90CkX/ht3nBA+0QzjMGS8un2w==",
      "dev": true,
      "requires": {
        "array-back": "^4.0.0",
        "obso": "^0.5.0",
        "reduce-flatten": "^3.0.0"
      }
    },
    "js-yaml": {
      "version": "3.13.1",
      "resolved": "https://registry.npmjs.org/js-yaml/-/js-yaml-3.13.1.tgz",
      "integrity": "sha512-YfbcO7jXDdyj0DGxYVSlSeQNHbD7XPWvrVWeVUujrQEoZzWJIRrCPoyk6kL6IAjAG2IolMK4T0hNUe0HOUs5Jw==",
      "requires": {
        "argparse": "^1.0.7",
        "esprima": "^4.0.0"
      }
    },
    "obso": {
      "version": "0.5.0",
      "resolved": "https://registry.npmjs.org/obso/-/obso-0.5.0.tgz",
      "integrity": "sha512-OIPLscoyq1SRCbbp6VlBWrzG+zR8T8tkic4rHuqABgTYlgqEvvzE5KclPa5sh/jy9x59en9K9JAQFa9ZV8xbVg==",
      "dev": true
    },
    "race-timeout-anywhere": {
      "version": "1.0.0",
      "resolved": "https://registry.npmjs.org/race-timeout-anywhere/-/race-timeout-anywhere-1.0.0.tgz",
      "integrity": "sha512-FwYyoKxgK/NNC7Tn2LlFpfNHemLlYOTCruUyYyEzQfkaO4iCQlGipsqOPhJvT7oGinMz707/HAnSFj98b7T4dw==",
      "dev": true
    },
    "reduce-flatten": {
      "version": "3.0.0",
      "resolved": "https://registry.npmjs.org/reduce-flatten/-/reduce-flatten-3.0.0.tgz",
      "integrity": "sha512-eczl8wAYBxJ6Egl6I1ECIF+8z6sHu+KE7BzaEDZTpPXKXfy9SUDQlVYwkRcNTjJLC3Iakxbhss50KuT/R6SYfg==",
      "dev": true
    },
    "sprintf-js": {
      "version": "1.0.3",
      "resolved": "https://registry.npmjs.org/sprintf-js/-/sprintf-js-1.0.3.tgz",
      "integrity": "sha1-BOaSb2YolTVPPdAVIDYzuFcpfiw="
    },
    "test-object-model": {
      "version": "0.4.8",
      "resolved": "https://registry.npmjs.org/test-object-model/-/test-object-model-0.4.8.tgz",
      "integrity": "sha512-VGPdXYx6HVvniKvJI/7dS270SsnIheZ1xYzKK0Yt+flYCazpfPePXjBtx5dr5/aJMPzwKH06NREIgsQMAXLvBw==",
      "dev": true,
      "requires": {
        "composite-class": "^1.0.0",
        "create-mixin": "^2.0.1",
        "fsm-base": "^0.5.0",
        "race-timeout-anywhere": "^1.0.0",
        "typical": "^5.2.0"
      }
    },
    "test-runner-core": {
      "version": "0.7.2",
      "resolved": "https://registry.npmjs.org/test-runner-core/-/test-runner-core-0.7.2.tgz",
      "integrity": "sha512-P9GvNFamMHXNZ9PovJfHUGxSTHY7Dn3zhVuIZSMNvsLMX4k1owizrFl02PIr99Zaay4B4JozM4XaILSY9r5LoA==",
      "dev": true,
      "requires": {
        "fsm-base": "^0.5.0",
        "test-object-model": "^0.4.7"
      }
    },
    "typical": {
      "version": "5.2.0",
      "resolved": "https://registry.npmjs.org/typical/-/typical-5.2.0.tgz",
      "integrity": "sha512-dvdQgNDNJo+8B2uBQoqdb11eUCE1JQXhvjC/CZtgvZseVd5TYMXnq0+vuUemXbd/Se29cTaUuPX3YIc2xgbvIg==",
      "dev": true
    }
  }
}
